
Microsoft Visual Studio Solution File, Format Version 12.00
# Visual Studio Version 17
VisualStudioVersion = 17.1.32210.238
MinimumVisualStudioVersion = 10.0.40219.1
Project("{9A19103F-16F7-4668-BE54-9A1E7A4F7556}") = "DVDRental", "DVDRental\DVDRental.csproj", "{28E4823A-B1AB-4473-BE24-85A9FCBB9FC3}"
EndProject
Global
	GlobalSection(SolutionConfigurationPlatforms) = preSolution
		Debug|Any CPU = Debug|Any CPU
		Release|Any CPU = Release|Any CPU
	EndGlobalSection
	GlobalSection(ProjectConfigurationPlatforms) = postSolution
		{28E4823A-B1AB-4473-BE24-85A9FCBB9FC3}.Debug|Any CPU.ActiveCfg = Debug|Any CPU
		{28E4823A-B1AB-4473-BE24-85A9FCBB9FC3}.Debug|Any CPU.Build.0 = Debug|Any CPU
		{28E4823A-B1AB-4473-BE24-85A9FCBB9FC3}.Release|Any CPU.ActiveCfg = Release|Any CPU
		{28E4823A-B1AB-4473-BE24-85A9FCBB9FC3}.Release|Any CPU.Build.0 = Release|Any CPU
	EndGlobalSection
	GlobalSection(SolutionProperties) = preSolution
		HideSolutionNode = FALSE
	EndGlobalSection
	GlobalSection(ExtensibilityGlobals) = postSolution
		SolutionGuid = {8AE5F9B4-01FC-4398-9895-39A78CACB876}
	EndGlobalSection
EndGlobal
